
Microsoft Visual Studio Solution File, Format Version 12.00
# Visual Studio Version 16
VisualStudioVersion = 16.0.29519.87
MinimumVisualStudioVersion = 10.0.40219.1
Project("{FAE04EC0-301F-11D3-BF4B-00C04F79EFBC}") = "basicoscSharp", "basicoscSharp\basicoscSharp.csproj", "{E2A1CDB7-7E4A-4CF8-A615-677FC3FA4A1A}"
EndProject
Global
	GlobalSection(SolutionConfigurationPlatforms) = preSolution
		Debug|Any CPU = Debug|Any CPU
		Release|Any CPU = Release|Any CPU
	EndGlobalSection
	GlobalSection(ProjectConfigurationPlatforms) = postSolution
		{E2A1CDB7-7E4A-4CF8-A615-677FC3FA4A1A}.Debug|Any CPU.ActiveCfg = Debug|Any CPU
		{E2A1CDB7-7E4A-4CF8-A615-677FC3FA4A1A}.Debug|Any CPU.Build.0 = Debug|Any CPU
		{E2A1CDB7-7E4A-4CF8-A615-677FC3FA4A1A}.Release|Any CPU.ActiveCfg = Release|Any CPU
		{E2A1CDB7-7E4A-4CF8-A615-677FC3FA4A1A}.Release|Any CPU.Build.0 = Release|Any CPU
	EndGlobalSection
	GlobalSection(SolutionProperties) = preSolution
		HideSolutionNode = FALSE
	EndGlobalSection
	GlobalSection(ExtensibilityGlobals) = postSolution
		SolutionGuid = {AA219801-B488-4F50-A9A8-D906DB03C7E4}
	EndGlobalSection
EndGlobal
